
Microsoft Visual Studio Solution File, Format Version 12.00
# Visual Studio 15
Project("{FAE04EC0-301F-11D3-BF4B-00C04F79EFBC}") = "KartGame", "KartGame.csproj", "{76A62D8B-3966-1695-6C05-BE3BFF713AE2}"
EndProject
Project("{FAE04EC0-301F-11D3-BF4B-00C04F79EFBC}") = "KartGame.AI", "KartGame.AI.csproj", "{A2505E29-AEC5-A9BE-5D70-B632FB5E2E77}"
EndProject
Project("{FAE04EC0-301F-11D3-BF4B-00C04F79EFBC}") = "Assembly-CSharp", "Assembly-CSharp.csproj", "{D5152191-E37A-FAEE-81BE-69AA2F43B666}"
EndProject
Project("{FAE04EC0-301F-11D3-BF4B-00C04F79EFBC}") = "Unity.Microgame.Tutorials", "Unity.Microgame.Tutorials.csproj", "{37B6738E-B2EE-0EDB-540E-1310B9C13D38}"
EndProject
Project("{FAE04EC0-301F-11D3-BF4B-00C04F79EFBC}") = "KartGame.AI.Editor", "KartGame.AI.Editor.csproj", "{9C98B562-C6AA-F1DD-385C-C0DFDF77B37E}"
EndProject
Project("{FAE04EC0-301F-11D3-BF4B-00C04F79EFBC}") = "KartGame.Editor", "KartGame.Editor.csproj", "{06548F8E-20CE-6BF0-00D5-AA7ADA807090}"
EndProject
Project("{FAE04EC0-301F-11D3-BF4B-00C04F79EFBC}") = "Unity.Karting.Tutorials", "Unity.Karting.Tutorials.csproj", "{0D28366F-E34B-70CD-E1B7-0862445BC4DC}"
EndProject
Global
	GlobalSection(SolutionConfigurationPlatforms) = preSolution
		Debug|Any CPU = Debug|Any CPU
		Release|Any CPU = Release|Any CPU
	EndGlobalSection
	GlobalSection(ProjectConfigurationPlatforms) = postSolution
		{76A62D8B-3966-1695-6C05-BE3BFF713AE2}.Debug|Any CPU.ActiveCfg = Debug|Any CPU
		{76A62D8B-3966-1695-6C05-BE3BFF713AE2}.Debug|Any CPU.Build.0 = Debug|Any CPU
		{76A62D8B-3966-1695-6C05-BE3BFF713AE2}.Release|Any CPU.ActiveCfg = Release|Any CPU
		{76A62D8B-3966-1695-6C05-BE3BFF713AE2}.Release|Any CPU.Build.0 = Release|Any CPU
		{A2505E29-AEC5-A9BE-5D70-B632FB5E2E77}.Debug|Any CPU.ActiveCfg = Debug|Any CPU
		{A2505E29-AEC5-A9BE-5D70-B632FB5E2E77}.Debug|Any CPU.Build.0 = Debug|Any CPU
		{A2505E29-AEC5-A9BE-5D70-B632FB5E2E77}.Release|Any CPU.ActiveCfg = Release|Any CPU
		{A2505E29-AEC5-A9BE-5D70-B632FB5E2E77}.Release|Any CPU.Build.0 = Release|Any CPU
		{D5152191-E37A-FAEE-81BE-69AA2F43B666}.Debug|Any CPU.ActiveCfg = Debug|Any CPU
		{D5152191-E37A-FAEE-81BE-69AA2F43B666}.Debug|Any CPU.Build.0 = Debug|Any CPU
		{D5152191-E37A-FAEE-81BE-69AA2F43B666}.Release|Any CPU.ActiveCfg = Release|Any CPU
		{D5152191-E37A-FAEE-81BE-69AA2F43B666}.Release|Any CPU.Build.0 = Release|Any CPU
		{37B6738E-B2EE-0EDB-540E-1310B9C13D38}.Debug|Any CPU.ActiveCfg = Debug|Any CPU
		{37B6738E-B2EE-0EDB-540E-1310B9C13D38}.Debug|Any CPU.Build.0 = Debug|Any CPU
		{37B6738E-B2EE-0EDB-540E-1310B9C13D38}.Release|Any CPU.ActiveCfg = Release|Any CPU
		{37B6738E-B2EE-0EDB-540E-1310B9C13D38}.Release|Any CPU.Build.0 = Release|Any CPU
		{9C98B562-C6AA-F1DD-385C-C0DFDF77B37E}.Debug|Any CPU.ActiveCfg = Debug|Any CPU
		{9C98B562-C6AA-F1DD-385C-C0DFDF77B37E}.Debug|Any CPU.Build.0 = Debug|Any CPU
		{9C98B562-C6AA-F1DD-385C-C0DFDF77B37E}.Release|Any CPU.ActiveCfg = Release|Any CPU
		{9C98B562-C6AA-F1DD-385C-C0DFDF77B37E}.Release|Any CPU.Build.0 = Release|Any CPU
		{06548F8E-20CE-6BF0-00D5-AA7ADA807090}.Debug|Any CPU.ActiveCfg = Debug|Any CPU
		{06548F8E-20CE-6BF0-00D5-AA7ADA807090}.Debug|Any CPU.Build.0 = Debug|Any CPU
		{06548F8E-20CE-6BF0-00D5-AA7ADA807090}.Release|Any CPU.ActiveCfg = Release|Any CPU
		{06548F8E-20CE-6BF0-00D5-AA7ADA807090}.Release|Any CPU.Build.0 = Release|Any CPU
		{0D28366F-E34B-70CD-E1B7-0862445BC4DC}.Debug|Any CPU.ActiveCfg = Debug|Any CPU
		{0D28366F-E34B-70CD-E1B7-0862445BC4DC}.Debug|Any CPU.Build.0 = Debug|Any CPU
		{0D28366F-E34B-70CD-E1B7-0862445BC4DC}.Release|Any CPU.ActiveCfg = Release|Any CPU
		{0D28366F-E34B-70CD-E1B7-0862445BC4DC}.Release|Any CPU.Build.0 = Release|Any CPU
	EndGlobalSection
	GlobalSection(SolutionProperties) = preSolution
		HideSolutionNode = FALSE
	EndGlobalSection
EndGlobal
